
Microsoft Visual Studio Solution File, Format Version 12.00
# Visual Studio Version 17
VisualStudioVersion = 17.9.34902.65
MinimumVisualStudioVersion = 10.0.40219.1
Project("{FAE04EC0-301F-11D3-BF4B-00C04F79EFBC}") = "DpopTrial", "DpopTrial\DpopTrial.csproj", "{6CC7A275-F304-4913-9D1E-3D027D537EC0}"
EndProject
Project("{FAE04EC0-301F-11D3-BF4B-00C04F79EFBC}") = "DpopClient", "DpopClient\DpopClient.csproj", "{B0135CE3-E7AB-400A-AE9F-0C57904953F4}"
EndProject
Project("{FAE04EC0-301F-11D3-BF4B-00C04F79EFBC}") = "TestProject", "TestProject\TestProject.csproj", "{B4359B57-779E-4557-B9AF-5D732EFB3C17}"
EndProject
Global
	GlobalSection(SolutionConfigurationPlatforms) = preSolution
		Debug|Any CPU = Debug|Any CPU
		Release|Any CPU = Release|Any CPU
	EndGlobalSection
	GlobalSection(ProjectConfigurationPlatforms) = postSolution
		{6CC7A275-F304-4913-9D1E-3D027D537EC0}.Debug|Any CPU.ActiveCfg = Debug|Any CPU
		{6CC7A275-F304-4913-9D1E-3D027D537EC0}.Debug|Any CPU.Build.0 = Debug|Any CPU
		{6CC7A275-F304-4913-9D1E-3D027D537EC0}.Release|Any CPU.ActiveCfg = Release|Any CPU
		{6CC7A275-F304-4913-9D1E-3D027D537EC0}.Release|Any CPU.Build.0 = Release|Any CPU
		{B0135CE3-E7AB-400A-AE9F-0C57904953F4}.Debug|Any CPU.ActiveCfg = Debug|Any CPU
		{B0135CE3-E7AB-400A-AE9F-0C57904953F4}.Debug|Any CPU.Build.0 = Debug|Any CPU
		{B0135CE3-E7AB-400A-AE9F-0C57904953F4}.Release|Any CPU.ActiveCfg = Release|Any CPU
		{B0135CE3-E7AB-400A-AE9F-0C57904953F4}.Release|Any CPU.Build.0 = Release|Any CPU
		{B4359B57-779E-4557-B9AF-5D732EFB3C17}.Debug|Any CPU.ActiveCfg = Debug|Any CPU
		{B4359B57-779E-4557-B9AF-5D732EFB3C17}.Debug|Any CPU.Build.0 = Debug|Any CPU
		{B4359B57-779E-4557-B9AF-5D732EFB3C17}.Release|Any CPU.ActiveCfg = Release|Any CPU
		{B4359B57-779E-4557-B9AF-5D732EFB3C17}.Release|Any CPU.Build.0 = Release|Any CPU
	EndGlobalSection
	GlobalSection(SolutionProperties) = preSolution
		HideSolutionNode = FALSE
	EndGlobalSection
	GlobalSection(ExtensibilityGlobals) = postSolution
		SolutionGuid = {84ED81B0-5055-4D2F-AB93-0A8734D16DED}
	EndGlobalSection
EndGlobal
